// !$*UTF8*$!
{
	archiveVersion = 1;
	classes = {
	};
	objectVersion = 46;
	objects = {

/* Begin PBXBuildFile section */
		0803DE0EAA318996A1B36656 /* Pods_OLXChallenge.framework in Frameworks */ = {isa = PBXBuildFile; fileRef = 047DFD1EDC521DBFD33A829E /* Pods_OLXChallenge.framework */; };
		A125B45A1D9AC42600C57740 /* Assets.xcassets in Resources */ = {isa = PBXBuildFile; fileRef = A125B4591D9AC42600C57740 /* Assets.xcassets */; };
		A125B4691D9AC9F700C57740 /* OLXAPIRepository.swift in Sources */ = {isa = PBXBuildFile; fileRef = A125B4681D9AC9F700C57740 /* OLXAPIRepository.swift */; };
		A125B46B1D9ACE4800C57740 /* OLXManager.swift in Sources */ = {isa = PBXBuildFile; fileRef = A125B46A1D9ACE4800C57740 /* OLXManager.swift */; };
		A125B46D1D9AD1EA00C57740 /* Config.plist in Resources */ = {isa = PBXBuildFile; fileRef = A125B46C1D9AD1EA00C57740 /* Config.plist */; };
		A1715E9F1D9C76D9005F337B /* olx.png in Resources */ = {isa = PBXBuildFile; fileRef = A1715E9E1D9C76D9005F337B /* olx.png */; };
		A1F849271D9BF31A0026A8F8 /* Ad.swift in Sources */ = {isa = PBXBuildFile; fileRef = A1F849261D9BF31A0026A8F8 /* Ad.swift */; };
		A1F8492D1D9BF8420026A8F8 /* Photo.swift in Sources */ = {isa = PBXBuildFile; fileRef = A1F8492C1D9BF8420026A8F8 /* Photo.swift */; };
		A1F8492F1D9C0DBD0026A8F8 /* Response.swift in Sources */ = {isa = PBXBuildFile; fileRef = A1F8492E1D9C0DBD0026A8F8 /* Response.swift */; };
		A1F849361D9C28E80026A8F8 /* Main.storyboard in Resources */ = {isa = PBXBuildFile; fileRef = A1F849331D9C28E80026A8F8 /* Main.storyboard */; };
		A1F849371D9C28E80026A8F8 /* ViewController.swift in Sources */ = {isa = PBXBuildFile; fileRef = A1F849351D9C28E80026A8F8 /* ViewController.swift */; };
		A1F849391D9C29160026A8F8 /* MainTableViewCell.swift in Sources */ = {isa = PBXBuildFile; fileRef = A1F849381D9C29160026A8F8 /* MainTableViewCell.swift */; };
		A1F8493A1D9C2DDA0026A8F8 /* LaunchScreen.storyboard in Resources */ = {isa = PBXBuildFile; fileRef = A125B45B1D9AC42600C57740 /* LaunchScreen.storyboard */; };
		A1F8811C1D9C570800B84C49 /* AppDelegate.swift in Sources */ = {isa = PBXBuildFile; fileRef = A1F8811B1D9C570800B84C49 /* AppDelegate.swift */; };
/* End PBXBuildFile section */

/* Begin PBXFileReference section */
		047DFD1EDC521DBFD33A829E /* Pods_OLXChallenge.framework */ = {isa = PBXFileReference; explicitFileType = wrapper.framework; includeInIndex = 0; path = Pods_OLXChallenge.framework; sourceTree = BUILT_PRODUCTS_DIR; };
		41BB11F2DABC105DD0B6210E /* Pods-OLXChallenge.debug.xcconfig */ = {isa = PBXFileReference; includeInIndex = 1; lastKnownFileType = text.xcconfig; name = "Pods-OLXChallenge.debug.xcconfig"; path = "Pods/Target Support Files/Pods-OLXChallenge/Pods-OLXChallenge.debug.xcconfig"; sourceTree = "<group>"; };
		94EF20BF1A8E1F4A63FDE2EA /* Pods-OLXChallenge.release.xcconfig */ = {isa = PBXFileReference; includeInIndex = 1; lastKnownFileType = text.xcconfig; name = "Pods-OLXChallenge.release.xcconfig"; path = "Pods/Target Support Files/Pods-OLXChallenge/Pods-OLXChallenge.release.xcconfig"; sourceTree = "<group>"; };
		A125B44F1D9AC42600C57740 /* OLXChallenge.app */ = {isa = PBXFileReference; explicitFileType = wrapper.application; includeInIndex = 0; path = OLXChallenge.app; sourceTree = BUILT_PRODUCTS_DIR; };
		A125B4591D9AC42600C57740 /* Assets.xcassets */ = {isa = PBXFileReference; lastKnownFileType = folder.assetcatalog; path = Assets.xcassets; sourceTree = "<group>"; };
		A125B45C1D9AC42600C57740 /* Base */ = {isa = PBXFileReference; lastKnownFileType = file.storyboard; name = Base; path = Base.lproj/LaunchScreen.storyboard; sourceTree = "<group>"; };
		A125B45E1D9AC42600C57740 /* Info.plist */ = {isa = PBXFileReference; lastKnownFileType = text.plist.xml; path = Info.plist; sourceTree = "<group>"; };
		A125B4681D9AC9F700C57740 /* OLXAPIRepository.swift */ = {isa = PBXFileReference; fileEncoding = 4; lastKnownFileType = sourcecode.swift; path = OLXAPIRepository.swift; sourceTree = "<group>"; };
		A125B46A1D9ACE4800C57740 /* OLXManager.swift */ = {isa = PBXFileReference; fileEncoding = 4; lastKnownFileType = sourcecode.swift; path = OLXManager.swift; sourceTree = "<group>"; };
		A125B46C1D9AD1EA00C57740 /* Config.plist */ = {isa = PBXFileReference; fileEncoding = 4; lastKnownFileType = text.plist.xml; path = Config.plist; sourceTree = "<group>"; };
		A1715E9E1D9C76D9005F337B /* olx.png */ = {isa = PBXFileReference; lastKnownFileType = image.png; path = olx.png; sourceTree = "<group>"; };
		A1F849261D9BF31A0026A8F8 /* Ad.swift */ = {isa = PBXFileReference; fileEncoding = 4; lastKnownFileType = sourcecode.swift; path = Ad.swift; sourceTree = "<group>"; };
		A1F8492C1D9BF8420026A8F8 /* Photo.swift */ = {isa = PBXFileReference; fileEncoding = 4; lastKnownFileType = sourcecode.swift; path = Photo.swift; sourceTree = "<group>"; };
		A1F8492E1D9C0DBD0026A8F8 /* Response.swift */ = {isa = PBXFileReference; fileEncoding = 4; lastKnownFileType = sourcecode.swift; path = Response.swift; sourceTree = "<group>"; };
		A1F849331D9C28E80026A8F8 /* Main.storyboard */ = {isa = PBXFileReference; fileEncoding = 4; lastKnownFileType = file.storyboard; path = Main.storyboard; sourceTree = "<group>"; };
		A1F849351D9C28E80026A8F8 /* ViewController.swift */ = {isa = PBXFileReference; fileEncoding = 4; lastKnownFileType = sourcecode.swift; path = ViewController.swift; sourceTree = "<group>"; };
		A1F849381D9C29160026A8F8 /* MainTableViewCell.swift */ = {isa = PBXFileReference; fileEncoding = 4; lastKnownFileType = sourcecode.swift; path = MainTableViewCell.swift; sourceTree = "<group>"; };
		A1F8811B1D9C570800B84C49 /* AppDelegate.swift */ = {isa = PBXFileReference; fileEncoding = 4; lastKnownFileType = sourcecode.swift; path = AppDelegate.swift; sourceTree = "<group>"; };
/* End PBXFileReference section */

/* Begin PBXFrameworksBuildPhase section */
		A125B44C1D9AC42600C57740 /* Frameworks */ = {
			isa = PBXFrameworksBuildPhase;
			buildActionMask = 2147483647;
			files = (
				0803DE0EAA318996A1B36656 /* Pods_OLXChallenge.framework in Frameworks */,
			);
			runOnlyForDeploymentPostprocessing = 0;
		};
/* End PBXFrameworksBuildPhase section */

/* Begin PBXGroup section */
		11806F4EDA90AF13DE39A99B /* Pods */ = {
			isa = PBXGroup;
			children = (
				41BB11F2DABC105DD0B6210E /* Pods-OLXChallenge.debug.xcconfig */,
				94EF20BF1A8E1F4A63FDE2EA /* Pods-OLXChallenge.release.xcconfig */,
			);
			name = Pods;
			sourceTree = "<group>";
		};
		86BD44FBBEF11BB1402A1D88 /* Frameworks */ = {
			isa = PBXGroup;
			children = (
				047DFD1EDC521DBFD33A829E /* Pods_OLXChallenge.framework */,
			);
			name = Frameworks;
			sourceTree = "<group>";
		};
		A125B4461D9AC42600C57740 = {
			isa = PBXGroup;
			children = (
				A125B46C1D9AD1EA00C57740 /* Config.plist */,
				A125B4511D9AC42600C57740 /* OLXChallenge */,
				A125B4501D9AC42600C57740 /* Products */,
				11806F4EDA90AF13DE39A99B /* Pods */,
				86BD44FBBEF11BB1402A1D88 /* Frameworks */,
			);
			sourceTree = "<group>";
		};
		A125B4501D9AC42600C57740 /* Products */ = {
			isa = PBXGroup;
			children = (
				A125B44F1D9AC42600C57740 /* OLXChallenge.app */,
			);
			name = Products;
			sourceTree = "<group>";
		};
		A125B4511D9AC42600C57740 /* OLXChallenge */ = {
			isa = PBXGroup;
			children = (
				A1F8811B1D9C570800B84C49 /* AppDelegate.swift */,
				A1F849311D9C28E80026A8F8 /* UI */,
				A125B4651D9AC9E100C57740 /* Business */,
				A125B4591D9AC42600C57740 /* Assets.xcassets */,
				A1715E9E1D9C76D9005F337B /* olx.png */,
				A125B45B1D9AC42600C57740 /* LaunchScreen.storyboard */,
				A125B45E1D9AC42600C57740 /* Info.plist */,
			);
			path = OLXChallenge;
			sourceTree = "<group>";
		};
		A125B4651D9AC9E100C57740 /* Business */ = {
			isa = PBXGroup;
			children = (
				A125B46E1D9BC64B00C57740 /* Models */,
				A125B4661D9AC9E100C57740 /* Managers */,
				A125B4671D9AC9E100C57740 /* Repositories */,
			);
			path = Business;
			sourceTree = "<group>";
		};
		A125B4661D9AC9E100C57740 /* Managers */ = {
			isa = PBXGroup;
			children = (
				A125B46A1D9ACE4800C57740 /* OLXManager.swift */,
			);
			path = Managers;
			sourceTree = "<group>";
		};
		A125B4671D9AC9E100C57740 /* Repositories */ = {
			isa = PBXGroup;
			children = (
				A125B4681D9AC9F700C57740 /* OLXAPIRepository.swift */,
			);
			path = Repositories;
			sourceTree = "<group>";
		};
		A125B46E1D9BC64B00C57740 /* Models */ = {
			isa = PBXGroup;
			children = (
				A1F849261D9BF31A0026A8F8 /* Ad.swift */,
				A1F8492C1D9BF8420026A8F8 /* Photo.swift */,
				A1F8492E1D9C0DBD0026A8F8 /* Response.swift */,
			);
			path = Models;
			sourceTree = "<group>";
		};
		A1F849311D9C28E80026A8F8 /* UI */ = {
			isa = PBXGroup;
			children = (
				A1F849321D9C28E80026A8F8 /* Cells */,
				A1F849331D9C28E80026A8F8 /* Main.storyboard */,
				A1F849341D9C28E80026A8F8 /* ViewControllers */,
			);
			path = UI;
			sourceTree = "<group>";
		};
		A1F849321D9C28E80026A8F8 /* Cells */ = {
			isa = PBXGroup;
			children = (
				A1F849381D9C29160026A8F8 /* MainTableViewCell.swift */,
			);
			path = Cells;
			sourceTree = "<group>";
		};
		A1F849341D9C28E80026A8F8 /* ViewControllers */ = {
			isa = PBXGroup;
			children = (
				A1F849351D9C28E80026A8F8 /* ViewController.swift */,
			);
			path = ViewControllers;
			sourceTree = "<group>";
		};
/* End PBXGroup section */

/* Begin PBXNativeTarget section */
		A125B44E1D9AC42600C57740 /* OLXChallenge */ = {
			isa = PBXNativeTarget;
			buildConfigurationList = A125B4611D9AC42600C57740 /* Build configuration list for PBXNativeTarget "OLXChallenge" */;
			buildPhases = (
				73907F3CF1B176B0D1D78738 /* Check Pods Manifest.lock */,
				A125B44B1D9AC42600C57740 /* Sources */,
				A125B44C1D9AC42600C57740 /* Frameworks */,
				A125B44D1D9AC42600C57740 /* Resources */,
				F018AEB826499342D8DAEA27 /* Embed Pods Frameworks */,
				E0185A8A2475E108A410CC32 /* Copy Pods Resources */,
			);
			buildRules = (
			);
			dependencies = (
			);
			name = OLXChallenge;
			productName = OLXChallenge;
			productReference = A125B44F1D9AC42600C57740 /* OLXChallenge.app */;
			productType = "com.apple.product-type.application";
		};
/* End PBXNativeTarget section */

/* Begin PBXProject section */
		A125B4471D9AC42600C57740 /* Project object */ = {
			isa = PBXProject;
			attributes = {
				LastSwiftUpdateCheck = 0730;
				LastUpgradeCheck = 0730;
				ORGANIZATIONNAME = "Ana Neto";
				TargetAttributes = {
					A125B44E1D9AC42600C57740 = {
						CreatedOnToolsVersion = 7.3.1;
						DevelopmentTeam = LY8VWWD83S;
					};
				};
			};
			buildConfigurationList = A125B44A1D9AC42600C57740 /* Build configuration list for PBXProject "OLXChallenge" */;
			compatibilityVersion = "Xcode 3.2";
			developmentRegion = English;
			hasScannedForEncodings = 0;
			knownRegions = (
				en,
				Base,
			);
			mainGroup = A125B4461D9AC42600C57740;
			productRefGroup = A125B4501D9AC42600C57740 /* Products */;
			projectDirPath = "";
			projectRoot = "";
			targets = (
				A125B44E1D9AC42600C57740 /* OLXChallenge */,
			);
		};
/* End PBXProject section */

/* Begin PBXResourcesBuildPhase section */
		A125B44D1D9AC42600C57740 /* Resources */ = {
			isa = PBXResourcesBuildPhase;
			buildActionMask = 2147483647;
			files = (
				A125B46D1D9AD1EA00C57740 /* Config.plist in Resources */,
				A1715E9F1D9C76D9005F337B /* olx.png in Resources */,
				A1F8493A1D9C2DDA0026A8F8 /* LaunchScreen.storyboard in Resources */,
				A125B45A1D9AC42600C57740 /* Assets.xcassets in Resources */,
				A1F849361D9C28E80026A8F8 /* Main.storyboard in Resources */,
			);
			runOnlyForDeploymentPostprocessing = 0;
		};
/* End PBXResourcesBuildPhase section */

/* Begin PBXShellScriptBuildPhase section */
		73907F3CF1B176B0D1D78738 /* Check Pods Manifest.lock */ = {
			isa = PBXShellScriptBuildPhase;
			buildActionMask = 2147483647;
			files = (
			);
			inputPaths = (
			);
			name = "Check Pods Manifest.lock";
			outputPaths = (
			);
			runOnlyForDeploymentPostprocessing = 0;
			shellPath = /bin/sh;
			shellScript = "diff \"${PODS_ROOT}/../Podfile.lock\" \"${PODS_ROOT}/Manifest.lock\" > /dev/null\nif [[ $? != 0 ]] ; then\n    cat << EOM\nerror: The sandbox is not in sync with the Podfile.lock. Run 'pod install' or update your CocoaPods installation.\nEOM\n    exit 1\nfi\n";
			showEnvVarsInLog = 0;
		};
		E0185A8A2475E108A410CC32 /* Copy Pods Resources */ = {
			isa = PBXShellScriptBuildPhase;
			buildActionMask = 2147483647;
			files = (
			);
			inputPaths = (
			);
			name = "Copy Pods Resources";
			outputPaths = (
			);
			runOnlyForDeploymentPostprocessing = 0;
			shellPath = /bin/sh;
			shellScript = "\"${SRCROOT}/Pods/Target Support Files/Pods-OLXChallenge/Pods-OLXChallenge-resources.sh\"\n";
			showEnvVarsInLog = 0;
		};
		F018AEB826499342D8DAEA27 /* Embed Pods Frameworks */ = {
			isa = PBXShellScriptBuildPhase;
			buildActionMask = 2147483647;
			files = (
			);
			inputPaths = (
			);
			name = "Embed Pods Frameworks";
			outputPaths = (
			);
			runOnlyForDeploymentPostprocessing = 0;
			shellPath = /bin/sh;
			shellScript = "\"${SRCROOT}/Pods/Target Support Files/Pods-OLXChallenge/Pods-OLXChallenge-frameworks.sh\"\n";
			showEnvVarsInLog = 0;
		};
/* End PBXShellScriptBuildPhase section */

/* Begin PBXSourcesBuildPhase section */
		A125B44B1D9AC42600C57740 /* Sources */ = {
			isa = PBXSourcesBuildPhase;
			buildActionMask = 2147483647;
			files = (
				A1F8811C1D9C570800B84C49 /* AppDelegate.swift in Sources */,
				A1F849371D9C28E80026A8F8 /* ViewController.swift in Sources */,
				A1F8492D1D9BF8420026A8F8 /* Photo.swift in Sources */,
				A125B46B1D9ACE4800C57740 /* OLXManager.swift in Sources */,
				A1F849391D9C29160026A8F8 /* MainTableViewCell.swift in Sources */,
				A1F8492F1D9C0DBD0026A8F8 /* Response.swift in Sources */,
				A125B4691D9AC9F700C57740 /* OLXAPIRepository.swift in Sources */,
				A1F849271D9BF31A0026A8F8 /* Ad.swift in Sources */,
			);
			runOnlyForDeploymentPostprocessing = 0;
		};
/* End PBXSourcesBuildPhase section */

/* Begin PBXVariantGroup section */
		A125B45B1D9AC42600C57740 /* LaunchScreen.storyboard */ = {
			isa = PBXVariantGroup;
			children = (
				A125B45C1D9AC42600C57740 /* Base */,
			);
			name = LaunchScreen.storyboard;
			sourceTree = "<group>";
		};
/* End PBXVariantGroup section */

/* Begin XCBuildConfiguration section */
		A125B45F1D9AC42600C57740 /* Debug */ = {
			isa = XCBuildConfiguration;
			buildSettings = {
				ALWAYS_SEARCH_USER_PATHS = NO;
				CLANG_ANALYZER_NONNULL = YES;
				CLANG_CXX_LANGUAGE_STANDARD = "gnu++0x";
				CLANG_CXX_LIBRARY = "libc++";
				CLANG_ENABLE_MODULES = YES;
				CLANG_ENABLE_OBJC_ARC = YES;
				CLANG_WARN_BOOL_CONVERSION = YES;
				CLANG_WARN_CONSTANT_CONVERSION = YES;
				CLANG_WARN_DIRECT_OBJC_ISA_USAGE = YES_ERROR;
				CLANG_WARN_EMPTY_BODY = YES;
				CLANG_WARN_ENUM_CONVERSION = YES;
				CLANG_WARN_INT_CONVERSION = YES;
				CLANG_WARN_OBJC_ROOT_CLASS = YES_ERROR;
				CLANG_WARN_UNREACHABLE_CODE = YES;
				CLANG_WARN__DUPLICATE_METHOD_MATCH = YES;
				"CODE_SIGN_IDENTITY[sdk=iphoneos*]" = "iPhone Developer";
				COPY_PHASE_STRIP = NO;
				DEBUG_INFORMATION_FORMAT = dwarf;
				ENABLE_STRICT_OBJC_MSGSEND = YES;
				ENABLE_TESTABILITY = YES;
				GCC_C_LANGUAGE_STANDARD = gnu99;
				GCC_DYNAMIC_NO_PIC = NO;
				GCC_NO_COMMON_BLOCKS = YES;
				GCC_OPTIMIZATION_LEVEL = 0;
				GCC_PREPROCESSOR_DEFINITIONS = (
					"DEBUG=1",
					"$(inherited)",
				);
				GCC_WARN_64_TO_32_BIT_CONVERSION = YES;
				GCC_WARN_ABOUT_RETURN_TYPE = YES_ERROR;
				GCC_WARN_UNDECLARED_SELECTOR = YES;
				GCC_WARN_UNINITIALIZED_AUTOS = YES_AGGRESSIVE;
				GCC_WARN_UNUSED_FUNCTION = YES;
				GCC_WARN_UNUSED_VARIABLE = YES;
				IPHONEOS_DEPLOYMENT_TARGET = 9.3;
				MTL_ENABLE_DEBUG_INFO = YES;
				ONLY_ACTIVE_ARCH = YES;
				SDKROOT = iphoneos;
				SWIFT_OPTIMIZATION_LEVEL = "-Onone";
				TARGETED_DEVICE_FAMILY = "1,2";
			};
			name = Debug;
		};
		A125B4601D9AC42600C57740 /* Release */ = {
			isa = XCBuildConfiguration;
			buildSettings = {
				ALWAYS_SEARCH_USER_PATHS = NO;
				CLANG_ANALYZER_NONNULL = YES;
				CLANG_CXX_LANGUAGE_STANDARD = "gnu++0x";
				CLANG_CXX_LIBRARY = "libc++";
				CLANG_ENABLE_MODULES = YES;
				CLANG_ENABLE_OBJC_ARC = YES;
				CLANG_WARN_BOOL_CONVERSION = YES;
				CLANG_WARN_CONSTANT_CONVERSION = YES;
				CLANG_WARN_DIRECT_OBJC_ISA_USAGE = YES_ERROR;
				CLANG_WARN_EMPTY_BODY = YES;
				CLANG_WARN_ENUM_CONVERSION = YES;
				CLANG_WARN_INT_CONVERSION = YES;
				CLANG_WARN_OBJC_ROOT_CLASS = YES_ERROR;
				CLANG_WARN_UNREACHABLE_CODE = YES;
				CLANG_WARN__DUPLICATE_METHOD_MATCH = YES;
				"CODE_SIGN_IDENTITY[sdk=iphoneos*]" = "iPhone Developer";
				COPY_PHASE_STRIP = NO;
				DEBUG_INFORMATION_FORMAT = "dwarf-with-dsym";
				ENABLE_NS_ASSERTIONS = NO;
				ENABLE_STRICT_OBJC_MSGSEND = YES;
				GCC_C_LANGUAGE_STANDARD = gnu99;
				GCC_NO_COMMON_BLOCKS = YES;
				GCC_WARN_64_TO_32_BIT_CONVERSION = YES;
				GCC_WARN_ABOUT_RETURN_TYPE = YES_ERROR;
				GCC_WARN_UNDECLARED_SELECTOR = YES;
				GCC_WARN_UNINITIALIZED_AUTOS = YES_AGGRESSIVE;
				GCC_WARN_UNUSED_FUNCTION = YES;
				GCC_WARN_UNUSED_VARIABLE = YES;
				IPHONEOS_DEPLOYMENT_TARGET = 9.3;
				MTL_ENABLE_DEBUG_INFO = NO;
				SDKROOT = iphoneos;
				TARGETED_DEVICE_FAMILY = "1,2";
				VALIDATE_PRODUCT = YES;
			};
			name = Release;
		};
		A125B4621D9AC42600C57740 /* Debug */ = {
			isa = XCBuildConfiguration;
			baseConfigurationReference = 41BB11F2DABC105DD0B6210E /* Pods-OLXChallenge.debug.xcconfig */;
			buildSettings = {
				ASSETCATALOG_COMPILER_APPICON_NAME = AppIcon;
				CODE_SIGN_IDENTITY = "iPhone Developer";
				"CODE_SIGN_IDENTITY[sdk=iphoneos*]" = "iPhone Developer";
				INFOPLIST_FILE = OLXChallenge/Info.plist;
				IPHONEOS_DEPLOYMENT_TARGET = 9.0;
				LD_RUNPATH_SEARCH_PATHS = "$(inherited) @executable_path/Frameworks";
				PRODUCT_BUNDLE_IDENTIFIER = pt.ananeto.OLXChallenge;
				PRODUCT_NAME = "$(TARGET_NAME)";
				PROVISIONING_PROFILE = "";
			};
			name = Debug;
		};
		A125B4631D9AC42600C57740 /* Release */ = {
			isa = XCBuildConfiguration;
			baseConfigurationReference = 94EF20BF1A8E1F4A63FDE2EA /* Pods-OLXChallenge.release.xcconfig */;
			buildSettings = {
				ASSETCATALOG_COMPILER_APPICON_NAME = AppIcon;
				CODE_SIGN_IDENTITY = "iPhone Developer";
				"CODE_SIGN_IDENTITY[sdk=iphoneos*]" = "iPhone Developer";
				INFOPLIST_FILE = OLXChallenge/Info.plist;
				IPHONEOS_DEPLOYMENT_TARGET = 9.0;
				LD_RUNPATH_SEARCH_PATHS = "$(inherited) @executable_path/Frameworks";
				PRODUCT_BUNDLE_IDENTIFIER = pt.ananeto.OLXChallenge;
				PRODUCT_NAME = "$(TARGET_NAME)";
				PROVISIONING_PROFILE = "";
			};
			name = Release;
		};
/* End XCBuildConfiguration section */

/* Begin XCConfigurationList section */
		A125B44A1D9AC42600C57740 /* Build configuration list for PBXProject "OLXChallenge" */ = {
			isa = XCConfigurationList;
			buildConfigurations = (
				A125B45F1D9AC42600C57740 /* Debug */,
				A125B4601D9AC42600C57740 /* Release */,
			);
			defaultConfigurationIsVisible = 0;
			defaultConfigurationName = Release;
		};
		A125B4611D9AC42600C57740 /* Build configuration list for PBXNativeTarget "OLXChallenge" */ = {
			isa = XCConfigurationList;
			buildConfigurations = (
				A125B4621D9AC42600C57740 /* Debug */,
				A125B4631D9AC42600C57740 /* Release */,
			);
			defaultConfigurationIsVisible = 0;
			defaultConfigurationName = Release;
		};
/* End XCConfigurationList section */
	};
	rootObject = A125B4471D9AC42600C57740 /* Project object */;
}
